
Microsoft Visual Studio Solution File, Format Version 12.00
# Visual Studio Version 17
VisualStudioVersion = 17.1.32414.318
MinimumVisualStudioVersion = 10.0.40219.1
Project("{FAE04EC0-301F-11D3-BF4B-00C04F79EFBC}") = "Wiki Follower.Android", "Wiki Follower.Android\Wiki Follower.Android.csproj", "{89BAAEB4-8672-4197-BD32-63F286728E7A}"
EndProject
Project("{9A19103F-16F7-4668-BE54-9A1E7A4F7556}") = "Wiki Follower", "Wiki Follower\Wiki Follower.csproj", "{335DBDDA-6BEF-41F1-A5BD-F615F1F21D31}"
EndProject
Global
	GlobalSection(SolutionConfigurationPlatforms) = preSolution
		Debug|Any CPU = Debug|Any CPU
		Release|Any CPU = Release|Any CPU
	EndGlobalSection
	GlobalSection(ProjectConfigurationPlatforms) = postSolution
		{89BAAEB4-8672-4197-BD32-63F286728E7A}.Debug|Any CPU.ActiveCfg = Debug|Any CPU
		{89BAAEB4-8672-4197-BD32-63F286728E7A}.Debug|Any CPU.Build.0 = Debug|Any CPU
		{89BAAEB4-8672-4197-BD32-63F286728E7A}.Debug|Any CPU.Deploy.0 = Debug|Any CPU
		{89BAAEB4-8672-4197-BD32-63F286728E7A}.Release|Any CPU.ActiveCfg = Release|Any CPU
		{89BAAEB4-8672-4197-BD32-63F286728E7A}.Release|Any CPU.Build.0 = Release|Any CPU
		{89BAAEB4-8672-4197-BD32-63F286728E7A}.Release|Any CPU.Deploy.0 = Release|Any CPU
		{335DBDDA-6BEF-41F1-A5BD-F615F1F21D31}.Debug|Any CPU.ActiveCfg = Debug|Any CPU
		{335DBDDA-6BEF-41F1-A5BD-F615F1F21D31}.Debug|Any CPU.Build.0 = Debug|Any CPU
		{335DBDDA-6BEF-41F1-A5BD-F615F1F21D31}.Debug|Any CPU.Deploy.0 = Debug|Any CPU
		{335DBDDA-6BEF-41F1-A5BD-F615F1F21D31}.Release|Any CPU.ActiveCfg = Release|Any CPU
		{335DBDDA-6BEF-41F1-A5BD-F615F1F21D31}.Release|Any CPU.Build.0 = Release|Any CPU
		{335DBDDA-6BEF-41F1-A5BD-F615F1F21D31}.Release|Any CPU.Deploy.0 = Release|Any CPU
	EndGlobalSection
	GlobalSection(SolutionProperties) = preSolution
		HideSolutionNode = FALSE
	EndGlobalSection
	GlobalSection(ExtensibilityGlobals) = postSolution
		SolutionGuid = {D1326424-59F1-476F-8DC9-4004FF110420}
	EndGlobalSection
EndGlobal
